// !$*UTF8*$!
{
	archiveVersion = 1;
	classes = {
	};
	objectVersion = 46;
	objects = {

/* Begin PBXBuildFile section */
		A61E98841CE4CACC00B5B7A5 /* AppDelegate.swift in Sources */ = {isa = PBXBuildFile; fileRef = A61E98831CE4CACC00B5B7A5 /* AppDelegate.swift */; };
		A61E98861CE4CACC00B5B7A5 /* MainListViewController.swift in Sources */ = {isa = PBXBuildFile; fileRef = A61E98851CE4CACC00B5B7A5 /* MainListViewController.swift */; };
		A61E98891CE4CACC00B5B7A5 /* Main.storyboard in Resources */ = {isa = PBXBuildFile; fileRef = A61E98871CE4CACC00B5B7A5 /* Main.storyboard */; };
		A61E988C1CE4CACC00B5B7A5 /* crudOps.xcdatamodeld in Sources */ = {isa = PBXBuildFile; fileRef = A61E988A1CE4CACC00B5B7A5 /* crudOps.xcdatamodeld */; };
		A61E988E1CE4CACC00B5B7A5 /* Assets.xcassets in Resources */ = {isa = PBXBuildFile; fileRef = A61E988D1CE4CACC00B5B7A5 /* Assets.xcassets */; };
		A61E98911CE4CACC00B5B7A5 /* LaunchScreen.storyboard in Resources */ = {isa = PBXBuildFile; fileRef = A61E988F1CE4CACC00B5B7A5 /* LaunchScreen.storyboard */; };
		A61E98991CE4D15E00B5B7A5 /* AddItemViewController.swift in Sources */ = {isa = PBXBuildFile; fileRef = A61E98981CE4D15E00B5B7A5 /* AddItemViewController.swift */; };
		A61E989B1CE4D31100B5B7A5 /* CancelButtonDelegate.swift in Sources */ = {isa = PBXBuildFile; fileRef = A61E989A1CE4D31100B5B7A5 /* CancelButtonDelegate.swift */; };
/* End PBXBuildFile section */

/* Begin PBXFileReference section */
		A61E98801CE4CACC00B5B7A5 /* crudOps.app */ = {isa = PBXFileReference; explicitFileType = wrapper.application; includeInIndex = 0; path = crudOps.app; sourceTree = BUILT_PRODUCTS_DIR; };
		A61E98831CE4CACC00B5B7A5 /* AppDelegate.swift */ = {isa = PBXFileReference; lastKnownFileType = sourcecode.swift; path = AppDelegate.swift; sourceTree = "<group>"; };
		A61E98851CE4CACC00B5B7A5 /* MainListViewController.swift */ = {isa = PBXFileReference; lastKnownFileType = sourcecode.swift; path = MainListViewController.swift; sourceTree = "<group>"; };
		A61E98881CE4CACC00B5B7A5 /* Base */ = {isa = PBXFileReference; lastKnownFileType = file.storyboard; name = Base; path = Base.lproj/Main.storyboard; sourceTree = "<group>"; };
		A61E988B1CE4CACC00B5B7A5 /* crudOps.xcdatamodel */ = {isa = PBXFileReference; lastKnownFileType = wrapper.xcdatamodel; path = crudOps.xcdatamodel; sourceTree = "<group>"; };
		A61E988D1CE4CACC00B5B7A5 /* Assets.xcassets */ = {isa = PBXFileReference; lastKnownFileType = folder.assetcatalog; path = Assets.xcassets; sourceTree = "<group>"; };
		A61E98901CE4CACC00B5B7A5 /* Base */ = {isa = PBXFileReference; lastKnownFileType = file.storyboard; name = Base; path = Base.lproj/LaunchScreen.storyboard; sourceTree = "<group>"; };
		A61E98921CE4CACC00B5B7A5 /* Info.plist */ = {isa = PBXFileReference; lastKnownFileType = text.plist.xml; path = Info.plist; sourceTree = "<group>"; };
		A61E98981CE4D15E00B5B7A5 /* AddItemViewController.swift */ = {isa = PBXFileReference; fileEncoding = 4; lastKnownFileType = sourcecode.swift; path = AddItemViewController.swift; sourceTree = "<group>"; };
		A61E989A1CE4D31100B5B7A5 /* CancelButtonDelegate.swift */ = {isa = PBXFileReference; fileEncoding = 4; lastKnownFileType = sourcecode.swift; path = CancelButtonDelegate.swift; sourceTree = "<group>"; };
/* End PBXFileReference section */

/* Begin PBXFrameworksBuildPhase section */
		A61E987D1CE4CACC00B5B7A5 /* Frameworks */ = {
			isa = PBXFrameworksBuildPhase;
			buildActionMask = 2147483647;
			files = (
			);
			runOnlyForDeploymentPostprocessing = 0;
		};
/* End PBXFrameworksBuildPhase section */

/* Begin PBXGroup section */
		A61E98771CE4CACC00B5B7A5 = {
			isa = PBXGroup;
			children = (
				A61E98821CE4CACC00B5B7A5 /* crudOps */,
				A61E98811CE4CACC00B5B7A5 /* Products */,
			);
			sourceTree = "<group>";
		};
		A61E98811CE4CACC00B5B7A5 /* Products */ = {
			isa = PBXGroup;
			children = (
				A61E98801CE4CACC00B5B7A5 /* crudOps.app */,
			);
			name = Products;
			sourceTree = "<group>";
		};
		A61E98821CE4CACC00B5B7A5 /* crudOps */ = {
			isa = PBXGroup;
			children = (
				A61E98831CE4CACC00B5B7A5 /* AppDelegate.swift */,
				A61E98851CE4CACC00B5B7A5 /* MainListViewController.swift */,
				A61E98871CE4CACC00B5B7A5 /* Main.storyboard */,
				A61E989A1CE4D31100B5B7A5 /* CancelButtonDelegate.swift */,
				A61E98981CE4D15E00B5B7A5 /* AddItemViewController.swift */,
				A61E988D1CE4CACC00B5B7A5 /* Assets.xcassets */,
				A61E988F1CE4CACC00B5B7A5 /* LaunchScreen.storyboard */,
				A61E98921CE4CACC00B5B7A5 /* Info.plist */,
				A61E988A1CE4CACC00B5B7A5 /* crudOps.xcdatamodeld */,
			);
			path = crudOps;
			sourceTree = "<group>";
		};
/* End PBXGroup section */

/* Begin PBXNativeTarget section */
		A61E987F1CE4CACC00B5B7A5 /* crudOps */ = {
			isa = PBXNativeTarget;
			buildConfigurationList = A61E98951CE4CACC00B5B7A5 /* Build configuration list for PBXNativeTarget "crudOps" */;
			buildPhases = (
				A61E987C1CE4CACC00B5B7A5 /* Sources */,
				A61E987D1CE4CACC00B5B7A5 /* Frameworks */,
				A61E987E1CE4CACC00B5B7A5 /* Resources */,
			);
			buildRules = (
			);
			dependencies = (
			);
			name = crudOps;
			productName = crudOps;
			productReference = A61E98801CE4CACC00B5B7A5 /* crudOps.app */;
			productType = "com.apple.product-type.application";
		};
/* End PBXNativeTarget section */

/* Begin PBXProject section */
		A61E98781CE4CACC00B5B7A5 /* Project object */ = {
			isa = PBXProject;
			attributes = {
				LastSwiftUpdateCheck = 0730;
				LastUpgradeCheck = 0730;
				ORGANIZATIONNAME = "Michael Arbogast";
				TargetAttributes = {
					A61E987F1CE4CACC00B5B7A5 = {
						CreatedOnToolsVersion = 7.3.1;
					};
				};
			};
			buildConfigurationList = A61E987B1CE4CACC00B5B7A5 /* Build configuration list for PBXProject "crudOps" */;
			compatibilityVersion = "Xcode 3.2";
			developmentRegion = English;
			hasScannedForEncodings = 0;
			knownRegions = (
				en,
				Base,
			);
			mainGroup = A61E98771CE4CACC00B5B7A5;
			productRefGroup = A61E98811CE4CACC00B5B7A5 /* Products */;
			projectDirPath = "";
			projectRoot = "";
			targets = (
				A61E987F1CE4CACC00B5B7A5 /* crudOps */,
			);
		};
/* End PBXProject section */

/* Begin PBXResourcesBuildPhase section */
		A61E987E1CE4CACC00B5B7A5 /* Resources */ = {
			isa = PBXResourcesBuildPhase;
			buildActionMask = 2147483647;
			files = (
				A61E98911CE4CACC00B5B7A5 /* LaunchScreen.storyboard in Resources */,
				A61E988E1CE4CACC00B5B7A5 /* Assets.xcassets in Resources */,
				A61E98891CE4CACC00B5B7A5 /* Main.storyboard in Resources */,
			);
			runOnlyForDeploymentPostprocessing = 0;
		};
/* End PBXResourcesBuildPhase section */

/* Begin PBXSourcesBuildPhase section */
		A61E987C1CE4CACC00B5B7A5 /* Sources */ = {
			isa = PBXSourcesBuildPhase;
			buildActionMask = 2147483647;
			files = (
				A61E988C1CE4CACC00B5B7A5 /* crudOps.xcdatamodeld in Sources */,
				A61E98991CE4D15E00B5B7A5 /* AddItemViewController.swift in Sources */,
				A61E98861CE4CACC00B5B7A5 /* MainListViewController.swift in Sources */,
				A61E98841CE4CACC00B5B7A5 /* AppDelegate.swift in Sources */,
				A61E989B1CE4D31100B5B7A5 /* CancelButtonDelegate.swift in Sources */,
			);
			runOnlyForDeploymentPostprocessing = 0;
		};
/* End PBXSourcesBuildPhase section */

/* Begin PBXVariantGroup section */
		A61E98871CE4CACC00B5B7A5 /* Main.storyboard */ = {
			isa = PBXVariantGroup;
			children = (
				A61E98881CE4CACC00B5B7A5 /* Base */,
			);
			name = Main.storyboard;
			sourceTree = "<group>";
		};
		A61E988F1CE4CACC00B5B7A5 /* LaunchScreen.storyboard */ = {
			isa = PBXVariantGroup;
			children = (
				A61E98901CE4CACC00B5B7A5 /* Base */,
			);
			name = LaunchScreen.storyboard;
			sourceTree = "<group>";
		};
/* End PBXVariantGroup section */

/* Begin XCBuildConfiguration section */
		A61E98931CE4CACC00B5B7A5 /* Debug */ = {
			isa = XCBuildConfiguration;
			buildSettings = {
				ALWAYS_SEARCH_USER_PATHS = NO;
				CLANG_ANALYZER_NONNULL = YES;
				CLANG_CXX_LANGUAGE_STANDARD = "gnu++0x";
				CLANG_CXX_LIBRARY = "libc++";
				CLANG_ENABLE_MODULES = YES;
				CLANG_ENABLE_OBJC_ARC = YES;
				CLANG_WARN_BOOL_CONVERSION = YES;
				CLANG_WARN_CONSTANT_CONVERSION = YES;
				CLANG_WARN_DIRECT_OBJC_ISA_USAGE = YES_ERROR;
				CLANG_WARN_EMPTY_BODY = YES;
				CLANG_WARN_ENUM_CONVERSION = YES;
				CLANG_WARN_INT_CONVERSION = YES;
				CLANG_WARN_OBJC_ROOT_CLASS = YES_ERROR;
				CLANG_WARN_UNREACHABLE_CODE = YES;
				CLANG_WARN__DUPLICATE_METHOD_MATCH = YES;
				"CODE_SIGN_IDENTITY[sdk=iphoneos*]" = "iPhone Developer";
				COPY_PHASE_STRIP = NO;
				DEBUG_INFORMATION_FORMAT = dwarf;
				ENABLE_STRICT_OBJC_MSGSEND = YES;
				ENABLE_TESTABILITY = YES;
				GCC_C_LANGUAGE_STANDARD = gnu99;
				GCC_DYNAMIC_NO_PIC = NO;
				GCC_NO_COMMON_BLOCKS = YES;
				GCC_OPTIMIZATION_LEVEL = 0;
				GCC_PREPROCESSOR_DEFINITIONS = (
					"DEBUG=1",
					"$(inherited)",
				);
				GCC_WARN_64_TO_32_BIT_CONVERSION = YES;
				GCC_WARN_ABOUT_RETURN_TYPE = YES_ERROR;
				GCC_WARN_UNDECLARED_SELECTOR = YES;
				GCC_WARN_UNINITIALIZED_AUTOS = YES_AGGRESSIVE;
				GCC_WARN_UNUSED_FUNCTION = YES;
				GCC_WARN_UNUSED_VARIABLE = YES;
				IPHONEOS_DEPLOYMENT_TARGET = 9.3;
				MTL_ENABLE_DEBUG_INFO = YES;
				ONLY_ACTIVE_ARCH = YES;
				SDKROOT = iphoneos;
				SWIFT_OPTIMIZATION_LEVEL = "-Onone";
				TARGETED_DEVICE_FAMILY = "1,2";
			};
			name = Debug;
		};
		A61E98941CE4CACC00B5B7A5 /* Release */ = {
			isa = XCBuildConfiguration;
			buildSettings = {
				ALWAYS_SEARCH_USER_PATHS = NO;
				CLANG_ANALYZER_NONNULL = YES;
				CLANG_CXX_LANGUAGE_STANDARD = "gnu++0x";
				CLANG_CXX_LIBRARY = "libc++";
				CLANG_ENABLE_MODULES = YES;
				CLANG_ENABLE_OBJC_ARC = YES;
				CLANG_WARN_BOOL_CONVERSION = YES;
				CLANG_WARN_CONSTANT_CONVERSION = YES;
				CLANG_WARN_DIRECT_OBJC_ISA_USAGE = YES_ERROR;
				CLANG_WARN_EMPTY_BODY = YES;
				CLANG_WARN_ENUM_CONVERSION = YES;
				CLANG_WARN_INT_CONVERSION = YES;
				CLANG_WARN_OBJC_ROOT_CLASS = YES_ERROR;
				CLANG_WARN_UNREACHABLE_CODE = YES;
				CLANG_WARN__DUPLICATE_METHOD_MATCH = YES;
				"CODE_SIGN_IDENTITY[sdk=iphoneos*]" = "iPhone Developer";
				COPY_PHASE_STRIP = NO;
				DEBUG_INFORMATION_FORMAT = "dwarf-with-dsym";
				ENABLE_NS_ASSERTIONS = NO;
				ENABLE_STRICT_OBJC_MSGSEND = YES;
				GCC_C_LANGUAGE_STANDARD = gnu99;
				GCC_NO_COMMON_BLOCKS = YES;
				GCC_WARN_64_TO_32_BIT_CONVERSION = YES;
				GCC_WARN_ABOUT_RETURN_TYPE = YES_ERROR;
				GCC_WARN_UNDECLARED_SELECTOR = YES;
				GCC_WARN_UNINITIALIZED_AUTOS = YES_AGGRESSIVE;
				GCC_WARN_UNUSED_FUNCTION = YES;
				GCC_WARN_UNUSED_VARIABLE = YES;
				IPHONEOS_DEPLOYMENT_TARGET = 9.3;
				MTL_ENABLE_DEBUG_INFO = NO;
				SDKROOT = iphoneos;
				TARGETED_DEVICE_FAMILY = "1,2";
				VALIDATE_PRODUCT = YES;
			};
			name = Release;
		};
		A61E98961CE4CACC00B5B7A5 /* Debug */ = {
			isa = XCBuildConfiguration;
			buildSettings = {
				ASSETCATALOG_COMPILER_APPICON_NAME = AppIcon;
				INFOPLIST_FILE = crudOps/Info.plist;
				LD_RUNPATH_SEARCH_PATHS = "$(inherited) @executable_path/Frameworks";
				PRODUCT_BUNDLE_IDENTIFIER = com.michaelarbogast.crudOps;
				PRODUCT_NAME = "$(TARGET_NAME)";
			};
			name = Debug;
		};
		A61E98971CE4CACC00B5B7A5 /* Release */ = {
			isa = XCBuildConfiguration;
			buildSettings = {
				ASSETCATALOG_COMPILER_APPICON_NAME = AppIcon;
				INFOPLIST_FILE = crudOps/Info.plist;
				LD_RUNPATH_SEARCH_PATHS = "$(inherited) @executable_path/Frameworks";
				PRODUCT_BUNDLE_IDENTIFIER = com.michaelarbogast.crudOps;
				PRODUCT_NAME = "$(TARGET_NAME)";
			};
			name = Release;
		};
/* End XCBuildConfiguration section */

/* Begin XCConfigurationList section */
		A61E987B1CE4CACC00B5B7A5 /* Build configuration list for PBXProject "crudOps" */ = {
			isa = XCConfigurationList;
			buildConfigurations = (
				A61E98931CE4CACC00B5B7A5 /* Debug */,
				A61E98941CE4CACC00B5B7A5 /* Release */,
			);
			defaultConfigurationIsVisible = 0;
			defaultConfigurationName = Release;
		};
		A61E98951CE4CACC00B5B7A5 /* Build configuration list for PBXNativeTarget "crudOps" */ = {
			isa = XCConfigurationList;
			buildConfigurations = (
				A61E98961CE4CACC00B5B7A5 /* Debug */,
				A61E98971CE4CACC00B5B7A5 /* Release */,
			);
			defaultConfigurationIsVisible = 0;
		};
/* End XCConfigurationList section */

/* Begin XCVersionGroup section */
		A61E988A1CE4CACC00B5B7A5 /* crudOps.xcdatamodeld */ = {
			isa = XCVersionGroup;
			children = (
				A61E988B1CE4CACC00B5B7A5 /* crudOps.xcdatamodel */,
			);
			currentVersion = A61E988B1CE4CACC00B5B7A5 /* crudOps.xcdatamodel */;
			path = crudOps.xcdatamodeld;
			sourceTree = "<group>";
			versionGroupType = wrapper.xcdatamodel;
		};
/* End XCVersionGroup section */
	};
	rootObject = A61E98781CE4CACC00B5B7A5 /* Project object */;
}
